
Microsoft Visual Studio Solution File, Format Version 12.00
# Visual Studio Version 17
VisualStudioVersion = 17.7.34221.43
MinimumVisualStudioVersion = 10.0.40219.1
Project("{FAE04EC0-301F-11D3-BF4B-00C04F79EFBC}") = "SnakeGame", "SnakeGame\SnakeGame.csproj", "{096D9B17-C41B-4C6A-BA76-94D1D5D798CC}"
EndProject
Global
	GlobalSection(SolutionConfigurationPlatforms) = preSolution
		Debug|Any CPU = Debug|Any CPU
		Release|Any CPU = Release|Any CPU
	EndGlobalSection
	GlobalSection(ProjectConfigurationPlatforms) = postSolution
		{096D9B17-C41B-4C6A-BA76-94D1D5D798CC}.Debug|Any CPU.ActiveCfg = Debug|Any CPU
		{096D9B17-C41B-4C6A-BA76-94D1D5D798CC}.Debug|Any CPU.Build.0 = Debug|Any CPU
		{096D9B17-C41B-4C6A-BA76-94D1D5D798CC}.Release|Any CPU.ActiveCfg = Release|Any CPU
		{096D9B17-C41B-4C6A-BA76-94D1D5D798CC}.Release|Any CPU.Build.0 = Release|Any CPU
	EndGlobalSection
	GlobalSection(SolutionProperties) = preSolution
		HideSolutionNode = FALSE
	EndGlobalSection
	GlobalSection(ExtensibilityGlobals) = postSolution
		SolutionGuid = {0AD1CD12-9154-4C8A-B8A6-052653ACC47D}
	EndGlobalSection
EndGlobal
